
Microsoft Visual Studio Solution File, Format Version 12.00
# Visual Studio 15
VisualStudioVersion = 15.0.28307.572
MinimumVisualStudioVersion = 10.0.40219.1
Project("{FAE04EC0-301F-11D3-BF4B-00C04F79EFBC}") = "ChatApp", "ChatApp\ChatApp.csproj", "{C77139B1-D7BF-4E4D-B298-FA3380F8BFB7}"
EndProject
Global
	GlobalSection(SolutionConfigurationPlatforms) = preSolution
		Debug|Any CPU = Debug|Any CPU
		Release|Any CPU = Release|Any CPU
	EndGlobalSection
	GlobalSection(ProjectConfigurationPlatforms) = postSolution
		{C77139B1-D7BF-4E4D-B298-FA3380F8BFB7}.Debug|Any CPU.ActiveCfg = Debug|Any CPU
		{C77139B1-D7BF-4E4D-B298-FA3380F8BFB7}.Debug|Any CPU.Build.0 = Debug|Any CPU
		{C77139B1-D7BF-4E4D-B298-FA3380F8BFB7}.Release|Any CPU.ActiveCfg = Release|Any CPU
		{C77139B1-D7BF-4E4D-B298-FA3380F8BFB7}.Release|Any CPU.Build.0 = Release|Any CPU
	EndGlobalSection
	GlobalSection(SolutionProperties) = preSolution
		HideSolutionNode = FALSE
	EndGlobalSection
	GlobalSection(ExtensibilityGlobals) = postSolution
		SolutionGuid = {812A3C88-2568-4B55-97EC-DB1F87263299}
	EndGlobalSection
EndGlobal
